
Microsoft Visual Studio Solution File, Format Version 12.00
# Visual Studio Version 16
VisualStudioVersion = 16.0.30128.74
MinimumVisualStudioVersion = 10.0.40219.1
Project("{FAE04EC0-301F-11D3-BF4B-00C04F79EFBC}") = "ShopingList.Android", "ShopingList.Android\ShopingList.Android.csproj", "{0A02F73E-4494-43B9-BAF8-9C82B65C2FDB}"
EndProject
Project("{FAE04EC0-301F-11D3-BF4B-00C04F79EFBC}") = "ShopingList", "ShopingList\ShopingList.csproj", "{EB1A545B-5201-4C49-A405-7552ECFD6AC2}"
EndProject
Global
	GlobalSection(SolutionConfigurationPlatforms) = preSolution
		Debug|Any CPU = Debug|Any CPU
		Release|Any CPU = Release|Any CPU
	EndGlobalSection
	GlobalSection(ProjectConfigurationPlatforms) = postSolution
		{0A02F73E-4494-43B9-BAF8-9C82B65C2FDB}.Debug|Any CPU.ActiveCfg = Debug|Any CPU
		{0A02F73E-4494-43B9-BAF8-9C82B65C2FDB}.Debug|Any CPU.Build.0 = Debug|Any CPU
		{0A02F73E-4494-43B9-BAF8-9C82B65C2FDB}.Debug|Any CPU.Deploy.0 = Debug|Any CPU
		{0A02F73E-4494-43B9-BAF8-9C82B65C2FDB}.Release|Any CPU.ActiveCfg = Release|Any CPU
		{0A02F73E-4494-43B9-BAF8-9C82B65C2FDB}.Release|Any CPU.Build.0 = Release|Any CPU
		{0A02F73E-4494-43B9-BAF8-9C82B65C2FDB}.Release|Any CPU.Deploy.0 = Release|Any CPU
		{EB1A545B-5201-4C49-A405-7552ECFD6AC2}.Debug|Any CPU.ActiveCfg = Debug|Any CPU
		{EB1A545B-5201-4C49-A405-7552ECFD6AC2}.Debug|Any CPU.Build.0 = Debug|Any CPU
		{EB1A545B-5201-4C49-A405-7552ECFD6AC2}.Debug|Any CPU.Deploy.0 = Debug|Any CPU
		{EB1A545B-5201-4C49-A405-7552ECFD6AC2}.Release|Any CPU.ActiveCfg = Release|Any CPU
		{EB1A545B-5201-4C49-A405-7552ECFD6AC2}.Release|Any CPU.Build.0 = Release|Any CPU
		{EB1A545B-5201-4C49-A405-7552ECFD6AC2}.Release|Any CPU.Deploy.0 = Release|Any CPU
	EndGlobalSection
	GlobalSection(SolutionProperties) = preSolution
		HideSolutionNode = FALSE
	EndGlobalSection
	GlobalSection(ExtensibilityGlobals) = postSolution
		SolutionGuid = {5A922200-A4DB-4127-BEF7-641C9294A62F}
	EndGlobalSection
EndGlobal
