
Microsoft Visual Studio Solution File, Format Version 12.00
# Visual Studio Version 16
VisualStudioVersion = 16.0.30128.74
MinimumVisualStudioVersion = 10.0.40219.1
Project("{FAE04EC0-301F-11D3-BF4B-00C04F79EFBC}") = "MyGamesLibrary", "MyGamesLibrary.csproj", "{260CE3D4-1DA5-4417-9AA8-E1DED1BAB90F}"
EndProject
Global
	GlobalSection(SolutionConfigurationPlatforms) = preSolution
		Debug|Any CPU = Debug|Any CPU
		Release|Any CPU = Release|Any CPU
	EndGlobalSection
	GlobalSection(ProjectConfigurationPlatforms) = postSolution
		{260CE3D4-1DA5-4417-9AA8-E1DED1BAB90F}.Debug|Any CPU.ActiveCfg = Debug|Any CPU
		{260CE3D4-1DA5-4417-9AA8-E1DED1BAB90F}.Debug|Any CPU.Build.0 = Debug|Any CPU
		{260CE3D4-1DA5-4417-9AA8-E1DED1BAB90F}.Release|Any CPU.ActiveCfg = Release|Any CPU
		{260CE3D4-1DA5-4417-9AA8-E1DED1BAB90F}.Release|Any CPU.Build.0 = Release|Any CPU
	EndGlobalSection
	GlobalSection(SolutionProperties) = preSolution
		HideSolutionNode = FALSE
	EndGlobalSection
	GlobalSection(ExtensibilityGlobals) = postSolution
		SolutionGuid = {94033DAD-D01C-4531-BBD4-DFA633B3F9BA}
	EndGlobalSection
EndGlobal
