
Microsoft Visual Studio Solution File, Format Version 12.00
# Visual Studio Version 16
VisualStudioVersion = 16.0.30128.74
MinimumVisualStudioVersion = 10.0.40219.1
Project("{FAE04EC0-301F-11D3-BF4B-00C04F79EFBC}") = "MyGamesLibrary", "MyGamesLibrary.csproj", "{260CE3D4-1DA5-4417-9AA8-E1DED1BAB90F}"
EndProject
Project("{C7167F0D-BC9F-4E6E-AFE1-012C56B48DB5}") = "WapProjTemplate1", "Windows Appliaction Packaging Project\WapProjTemplate1.wapproj", "{344A5240-1CC2-47A9-BD9E-22BA89F435CB}"
EndProject
Global
	GlobalSection(SolutionConfigurationPlatforms) = preSolution
		Debug|Any CPU = Debug|Any CPU
		Debug|ARM = Debug|ARM
		Debug|ARM64 = Debug|ARM64
		Debug|x64 = Debug|x64
		Debug|x86 = Debug|x86
		Release|Any CPU = Release|Any CPU
		Release|ARM = Release|ARM
		Release|ARM64 = Release|ARM64
		Release|x64 = Release|x64
		Release|x86 = Release|x86
	EndGlobalSection
	GlobalSection(ProjectConfigurationPlatforms) = postSolution
		{260CE3D4-1DA5-4417-9AA8-E1DED1BAB90F}.Debug|Any CPU.ActiveCfg = Debug|Any CPU
		{260CE3D4-1DA5-4417-9AA8-E1DED1BAB90F}.Debug|Any CPU.Build.0 = Debug|Any CPU
		{260CE3D4-1DA5-4417-9AA8-E1DED1BAB90F}.Debug|ARM.ActiveCfg = Debug|Any CPU
		{260CE3D4-1DA5-4417-9AA8-E1DED1BAB90F}.Debug|ARM.Build.0 = Debug|Any CPU
		{260CE3D4-1DA5-4417-9AA8-E1DED1BAB90F}.Debug|ARM64.ActiveCfg = Debug|Any CPU
		{260CE3D4-1DA5-4417-9AA8-E1DED1BAB90F}.Debug|ARM64.Build.0 = Debug|Any CPU
		{260CE3D4-1DA5-4417-9AA8-E1DED1BAB90F}.Debug|x64.ActiveCfg = Debug|Any CPU
		{260CE3D4-1DA5-4417-9AA8-E1DED1BAB90F}.Debug|x64.Build.0 = Debug|Any CPU
		{260CE3D4-1DA5-4417-9AA8-E1DED1BAB90F}.Debug|x86.ActiveCfg = Debug|Any CPU
		{260CE3D4-1DA5-4417-9AA8-E1DED1BAB90F}.Debug|x86.Build.0 = Debug|Any CPU
		{260CE3D4-1DA5-4417-9AA8-E1DED1BAB90F}.Release|Any CPU.ActiveCfg = Release|Any CPU
		{260CE3D4-1DA5-4417-9AA8-E1DED1BAB90F}.Release|Any CPU.Build.0 = Release|Any CPU
		{260CE3D4-1DA5-4417-9AA8-E1DED1BAB90F}.Release|ARM.ActiveCfg = Release|Any CPU
		{260CE3D4-1DA5-4417-9AA8-E1DED1BAB90F}.Release|ARM.Build.0 = Release|Any CPU
		{260CE3D4-1DA5-4417-9AA8-E1DED1BAB90F}.Release|ARM64.ActiveCfg = Release|Any CPU
		{260CE3D4-1DA5-4417-9AA8-E1DED1BAB90F}.Release|ARM64.Build.0 = Release|Any CPU
		{260CE3D4-1DA5-4417-9AA8-E1DED1BAB90F}.Release|x64.ActiveCfg = Release|Any CPU
		{260CE3D4-1DA5-4417-9AA8-E1DED1BAB90F}.Release|x64.Build.0 = Release|Any CPU
		{260CE3D4-1DA5-4417-9AA8-E1DED1BAB90F}.Release|x86.ActiveCfg = Release|Any CPU
		{260CE3D4-1DA5-4417-9AA8-E1DED1BAB90F}.Release|x86.Build.0 = Release|Any CPU
		{344A5240-1CC2-47A9-BD9E-22BA89F435CB}.Debug|Any CPU.ActiveCfg = Debug|Any CPU
		{344A5240-1CC2-47A9-BD9E-22BA89F435CB}.Debug|Any CPU.Build.0 = Debug|Any CPU
		{344A5240-1CC2-47A9-BD9E-22BA89F435CB}.Debug|Any CPU.Deploy.0 = Debug|Any CPU
		{344A5240-1CC2-47A9-BD9E-22BA89F435CB}.Debug|ARM.ActiveCfg = Debug|ARM
		{344A5240-1CC2-47A9-BD9E-22BA89F435CB}.Debug|ARM.Build.0 = Debug|ARM
		{344A5240-1CC2-47A9-BD9E-22BA89F435CB}.Debug|ARM.Deploy.0 = Debug|ARM
		{344A5240-1CC2-47A9-BD9E-22BA89F435CB}.Debug|ARM64.ActiveCfg = Debug|ARM64
		{344A5240-1CC2-47A9-BD9E-22BA89F435CB}.Debug|ARM64.Build.0 = Debug|ARM64
		{344A5240-1CC2-47A9-BD9E-22BA89F435CB}.Debug|ARM64.Deploy.0 = Debug|ARM64
		{344A5240-1CC2-47A9-BD9E-22BA89F435CB}.Debug|x64.ActiveCfg = Debug|x64
		{344A5240-1CC2-47A9-BD9E-22BA89F435CB}.Debug|x64.Build.0 = Debug|x64
		{344A5240-1CC2-47A9-BD9E-22BA89F435CB}.Debug|x64.Deploy.0 = Debug|x64
		{344A5240-1CC2-47A9-BD9E-22BA89F435CB}.Debug|x86.ActiveCfg = Debug|x86
		{344A5240-1CC2-47A9-BD9E-22BA89F435CB}.Debug|x86.Build.0 = Debug|x86
		{344A5240-1CC2-47A9-BD9E-22BA89F435CB}.Debug|x86.Deploy.0 = Debug|x86
		{344A5240-1CC2-47A9-BD9E-22BA89F435CB}.Release|Any CPU.ActiveCfg = Release|Any CPU
		{344A5240-1CC2-47A9-BD9E-22BA89F435CB}.Release|Any CPU.Build.0 = Release|Any CPU
		{344A5240-1CC2-47A9-BD9E-22BA89F435CB}.Release|Any CPU.Deploy.0 = Release|Any CPU
		{344A5240-1CC2-47A9-BD9E-22BA89F435CB}.Release|ARM.ActiveCfg = Release|ARM
		{344A5240-1CC2-47A9-BD9E-22BA89F435CB}.Release|ARM.Build.0 = Release|ARM
		{344A5240-1CC2-47A9-BD9E-22BA89F435CB}.Release|ARM.Deploy.0 = Release|ARM
		{344A5240-1CC2-47A9-BD9E-22BA89F435CB}.Release|ARM64.ActiveCfg = Release|ARM64
		{344A5240-1CC2-47A9-BD9E-22BA89F435CB}.Release|ARM64.Build.0 = Release|ARM64
		{344A5240-1CC2-47A9-BD9E-22BA89F435CB}.Release|ARM64.Deploy.0 = Release|ARM64
		{344A5240-1CC2-47A9-BD9E-22BA89F435CB}.Release|x64.ActiveCfg = Release|x64
		{344A5240-1CC2-47A9-BD9E-22BA89F435CB}.Release|x64.Build.0 = Release|x64
		{344A5240-1CC2-47A9-BD9E-22BA89F435CB}.Release|x64.Deploy.0 = Release|x64
		{344A5240-1CC2-47A9-BD9E-22BA89F435CB}.Release|x86.ActiveCfg = Release|x86
		{344A5240-1CC2-47A9-BD9E-22BA89F435CB}.Release|x86.Build.0 = Release|x86
		{344A5240-1CC2-47A9-BD9E-22BA89F435CB}.Release|x86.Deploy.0 = Release|x86
	EndGlobalSection
	GlobalSection(SolutionProperties) = preSolution
		HideSolutionNode = FALSE
	EndGlobalSection
	GlobalSection(ExtensibilityGlobals) = postSolution
		SolutionGuid = {94033DAD-D01C-4531-BBD4-DFA633B3F9BA}
	EndGlobalSection
EndGlobal
